
Microsoft Visual Studio Solution File, Format Version 12.00
# Visual Studio 15
VisualStudioVersion = 15.0.28307.1082
MinimumVisualStudioVersion = 10.0.40219.1
Project("{8BC9CEB8-8B4A-11D0-8D11-00A0C91BC942}") = "Car", "Car\Car.vcxproj", "{5AFE6058-63B8-44AF-A93A-A19FA233A768}"
EndProject
Project("{8BC9CEB8-8B4A-11D0-8D11-00A0C91BC942}") = "Threads", "Threads\Threads.vcxproj", "{9FD0DA51-3A75-4541-97D0-93E852A81CAF}"
EndProject
Project("{8BC9CEB8-8B4A-11D0-8D11-00A0C91BC942}") = "HomeWork", "HomeWork\HomeWork.vcxproj", "{66B07CBD-5AEE-46B0-899A-C4088057AD9A}"
EndProject
Global
	GlobalSection(SolutionConfigurationPlatforms) = preSolution
		Debug|x64 = Debug|x64
		Debug|x86 = Debug|x86
		Release|x64 = Release|x64
		Release|x86 = Release|x86
	EndGlobalSection
	GlobalSection(ProjectConfigurationPlatforms) = postSolution
		{5AFE6058-63B8-44AF-A93A-A19FA233A768}.Debug|x64.ActiveCfg = Debug|x64
		{5AFE6058-63B8-44AF-A93A-A19FA233A768}.Debug|x64.Build.0 = Debug|x64
		{5AFE6058-63B8-44AF-A93A-A19FA233A768}.Debug|x86.ActiveCfg = Debug|Win32
		{5AFE6058-63B8-44AF-A93A-A19FA233A768}.Debug|x86.Build.0 = Debug|Win32
		{5AFE6058-63B8-44AF-A93A-A19FA233A768}.Release|x64.ActiveCfg = Release|x64
		{5AFE6058-63B8-44AF-A93A-A19FA233A768}.Release|x64.Build.0 = Release|x64
		{5AFE6058-63B8-44AF-A93A-A19FA233A768}.Release|x86.ActiveCfg = Release|Win32
		{5AFE6058-63B8-44AF-A93A-A19FA233A768}.Release|x86.Build.0 = Release|Win32
		{9FD0DA51-3A75-4541-97D0-93E852A81CAF}.Debug|x64.ActiveCfg = Debug|x64
		{9FD0DA51-3A75-4541-97D0-93E852A81CAF}.Debug|x64.Build.0 = Debug|x64
		{9FD0DA51-3A75-4541-97D0-93E852A81CAF}.Debug|x86.ActiveCfg = Debug|Win32
		{9FD0DA51-3A75-4541-97D0-93E852A81CAF}.Debug|x86.Build.0 = Debug|Win32
		{9FD0DA51-3A75-4541-97D0-93E852A81CAF}.Release|x64.ActiveCfg = Release|x64
		{9FD0DA51-3A75-4541-97D0-93E852A81CAF}.Release|x64.Build.0 = Release|x64
		{9FD0DA51-3A75-4541-97D0-93E852A81CAF}.Release|x86.ActiveCfg = Release|Win32
		{9FD0DA51-3A75-4541-97D0-93E852A81CAF}.Release|x86.Build.0 = Release|Win32
		{66B07CBD-5AEE-46B0-899A-C4088057AD9A}.Debug|x64.ActiveCfg = Debug|x64
		{66B07CBD-5AEE-46B0-899A-C4088057AD9A}.Debug|x64.Build.0 = Debug|x64
		{66B07CBD-5AEE-46B0-899A-C4088057AD9A}.Debug|x86.ActiveCfg = Debug|Win32
		{66B07CBD-5AEE-46B0-899A-C4088057AD9A}.Debug|x86.Build.0 = Debug|Win32
		{66B07CBD-5AEE-46B0-899A-C4088057AD9A}.Release|x64.ActiveCfg = Release|x64
		{66B07CBD-5AEE-46B0-899A-C4088057AD9A}.Release|x64.Build.0 = Release|x64
		{66B07CBD-5AEE-46B0-899A-C4088057AD9A}.Release|x86.ActiveCfg = Release|Win32
		{66B07CBD-5AEE-46B0-899A-C4088057AD9A}.Release|x86.Build.0 = Release|Win32
	EndGlobalSection
	GlobalSection(SolutionProperties) = preSolution
		HideSolutionNode = FALSE
	EndGlobalSection
	GlobalSection(ExtensibilityGlobals) = postSolution
		SolutionGuid = {2694D61D-79BE-407C-9EBC-59F92E77D6E9}
	EndGlobalSection
EndGlobal
